{
  "name": "floe-docs",
  "lockfileVersion": 3,
  "requires": true,
  "packages": {
    "": {
      "name": "floe-docs",
      "dependencies": {
        "@astrojs/starlight": "^0.38.0",
        "astro": "^6.1.2",
        "astro-og-canvas": "^0.10.1",
        "sharp": "^0.34.5",
        "starlight-llms-txt": "^0.8.0"
      }
    },
    "../../node_modules/.pnpm/@astrojs+starlight@0.38.2_astro@6.1.2_@types+node@25.5.0_jiti@2.6.1_lightningcss@1.32.0_rollup@4.60.1_typescript@5.9.3_/node_modules/@astrojs/starlight": {
      "version": "0.38.2",
      "license": "MIT",
      "dependencies": {
        "@astrojs/markdown-remark": "^7.0.0",
        "@astrojs/mdx": "^5.0.0",
        "@astrojs/sitemap": "^3.7.1",
        "@pagefind/default-ui": "^1.3.0",
        "@types/hast": "^3.0.4",
        "@types/js-yaml": "^4.0.9",
        "@types/mdast": "^4.0.4",
        "astro-expressive-code": "^0.41.6",
        "bcp-47": "^2.1.0",
        "hast-util-from-html": "^2.0.1",
        "hast-util-select": "^6.0.2",
        "hast-util-to-string": "^3.0.0",
        "hastscript": "^9.0.0",
        "i18next": "^23.11.5",
        "js-yaml": "^4.1.0",
        "klona": "^2.0.6",
        "magic-string": "^0.30.17",
        "mdast-util-directive": "^3.0.0",
        "mdast-util-to-markdown": "^2.1.0",
        "mdast-util-to-string": "^4.0.0",
        "pagefind": "^1.3.0",
        "rehype": "^13.0.1",
        "rehype-format": "^5.0.0",
        "remark-directive": "^3.0.0",
        "ultrahtml": "^1.6.0",
        "unified": "^11.0.5",
        "unist-util-visit": "^5.0.0",
        "vfile": "^6.0.2"
      },
      "devDependencies": {
        "@playwright/test": "^1.57.0",
        "@types/node": "^22.19.3",
        "@vitest/coverage-v8": "^4.1.0",
        "astro": "^6.0.1",
        "linkedom": "^0.18.4",
        "vitest": "^4.1.0"
      },
      "peerDependencies": {
        "astro": "^6.0.0"
      }
    },
    "../../node_modules/.pnpm/astro@6.1.2_@types+node@25.5.0_jiti@2.6.1_lightningcss@1.32.0_rollup@4.60.1_typescript@5.9.3/node_modules/astro": {
      "version": "6.1.2",
      "license": "MIT",
      "dependencies": {
        "@astrojs/compiler": "^3.0.1",
        "@astrojs/internal-helpers": "0.8.0",
        "@astrojs/markdown-remark": "7.1.0",
        "@astrojs/telemetry": "3.3.0",
        "@capsizecss/unpack": "^4.0.0",
        "@clack/prompts": "^1.1.0",
        "@oslojs/encoding": "^1.1.0",
        "@rollup/pluginutils": "^5.3.0",
        "aria-query": "^5.3.2",
        "axobject-query": "^4.1.0",
        "ci-info": "^4.4.0",
        "clsx": "^2.1.1",
        "common-ancestor-path": "^2.0.0",
        "cookie": "^1.1.1",
        "devalue": "^5.6.3",
        "diff": "^8.0.3",
        "dlv": "^1.1.3",
        "dset": "^3.1.4",
        "es-module-lexer": "^2.0.0",
        "esbuild": "^0.27.3",
        "flattie": "^1.1.1",
        "fontace": "~0.4.1",
        "github-slugger": "^2.0.0",
        "html-escaper": "3.0.3",
        "http-cache-semantics": "^4.2.0",
        "js-yaml": "^4.1.1",
        "magic-string": "^0.30.21",
        "magicast": "^0.5.2",
        "mrmime": "^2.0.1",
        "neotraverse": "^0.6.18",
        "obug": "^2.1.1",
        "p-limit": "^7.3.0",
        "p-queue": "^9.1.0",
        "package-manager-detector": "^1.6.0",
        "piccolore": "^0.1.3",
        "picomatch": "^4.0.3",
        "rehype": "^13.0.2",
        "semver": "^7.7.4",
        "shiki": "^4.0.2",
        "smol-toml": "^1.6.0",
        "svgo": "^4.0.1",
        "tinyclip": "^0.1.12",
        "tinyexec": "^1.0.4",
        "tinyglobby": "^0.2.15",
        "tsconfck": "^3.1.6",
        "ultrahtml": "^1.6.0",
        "unifont": "~0.7.4",
        "unist-util-visit": "^5.1.0",
        "unstorage": "^1.17.4",
        "vfile": "^6.0.3",
        "vite": "^7.3.1",
        "vitefu": "^1.1.2",
        "xxhash-wasm": "^1.1.0",
        "yargs-parser": "^22.0.0",
        "zod": "^4.3.6"
      },
      "bin": {
        "astro": "bin/astro.mjs"
      },
      "devDependencies": {
        "@astrojs/check": "0.9.8",
        "@astrojs/compiler-rs": "^0.1.6",
        "@playwright/test": "1.58.2",
        "@types/aria-query": "^5.0.4",
        "@types/dlv": "^1.1.5",
        "@types/hast": "^3.0.4",
        "@types/html-escaper": "3.0.4",
        "@types/http-cache-semantics": "^4.2.0",
        "@types/js-yaml": "^4.0.9",
        "@types/picomatch": "^4.0.2",
        "@types/semver": "^7.7.1",
        "@types/yargs-parser": "^21.0.3",
        "astro-scripts": "0.0.14",
        "cheerio": "1.2.0",
        "eol": "^0.10.0",
        "expect-type": "^1.3.0",
        "fs-fixture": "^2.11.0",
        "mdast-util-mdx": "^3.0.0",
        "mdast-util-mdx-jsx": "^3.2.0",
        "node-mocks-http": "^1.17.2",
        "parse-srcset": "^1.0.2",
        "rehype-autolink-headings": "^7.1.0",
        "rehype-slug": "^6.0.0",
        "rehype-toc": "^3.0.2",
        "remark-code-titles": "^0.1.2",
        "rollup": "^4.58.0",
        "sass": "^1.98.0",
        "typescript": "^5.9.3",
        "undici": "^7.22.0",
        "unified": "^11.0.5",
        "vitest": "^4.1.0"
      },
      "engines": {
        "node": ">=22.12.0",
        "npm": ">=9.6.5",
        "pnpm": ">=7.1.0"
      },
      "funding": {
        "type": "opencollective",
        "url": "https://opencollective.com/astrodotbuild"
      },
      "optionalDependencies": {
        "sharp": "^0.34.0"
      }
    },
    "../../node_modules/.pnpm/sharp@0.34.5/node_modules/sharp": {
      "version": "0.34.5",
      "hasInstallScript": true,
      "license": "Apache-2.0",
      "dependencies": {
        "@img/colour": "^1.0.0",
        "detect-libc": "^2.1.2",
        "semver": "^7.7.3"
      },
      "devDependencies": {
        "@biomejs/biome": "^2.3.4",
        "@cpplint/cli": "^0.1.0",
        "@emnapi/runtime": "^1.7.0",
        "@img/sharp-libvips-dev": "1.2.4",
        "@img/sharp-libvips-dev-wasm32": "1.2.4",
        "@img/sharp-libvips-win32-arm64": "1.2.4",
        "@img/sharp-libvips-win32-ia32": "1.2.4",
        "@img/sharp-libvips-win32-x64": "1.2.4",
        "@types/node": "*",
        "emnapi": "^1.7.0",
        "exif-reader": "^2.0.2",
        "extract-zip": "^2.0.1",
        "icc": "^3.0.0",
        "jsdoc-to-markdown": "^9.1.3",
        "node-addon-api": "^8.5.0",
        "node-gyp": "^11.5.0",
        "tar-fs": "^3.1.1",
        "tsd": "^0.33.0"
      },
      "engines": {
        "node": "^18.17.0 || ^20.3.0 || >=21.0.0"
      },
      "funding": {
        "url": "https://opencollective.com/libvips"
      },
      "optionalDependencies": {
        "@img/sharp-darwin-arm64": "0.34.5",
        "@img/sharp-darwin-x64": "0.34.5",
        "@img/sharp-libvips-darwin-arm64": "1.2.4",
        "@img/sharp-libvips-darwin-x64": "1.2.4",
        "@img/sharp-libvips-linux-arm": "1.2.4",
        "@img/sharp-libvips-linux-arm64": "1.2.4",
        "@img/sharp-libvips-linux-ppc64": "1.2.4",
        "@img/sharp-libvips-linux-riscv64": "1.2.4",
        "@img/sharp-libvips-linux-s390x": "1.2.4",
        "@img/sharp-libvips-linux-x64": "1.2.4",
        "@img/sharp-libvips-linuxmusl-arm64": "1.2.4",
        "@img/sharp-libvips-linuxmusl-x64": "1.2.4",
        "@img/sharp-linux-arm": "0.34.5",
        "@img/sharp-linux-arm64": "0.34.5",
        "@img/sharp-linux-ppc64": "0.34.5",
        "@img/sharp-linux-riscv64": "0.34.5",
        "@img/sharp-linux-s390x": "0.34.5",
        "@img/sharp-linux-x64": "0.34.5",
        "@img/sharp-linuxmusl-arm64": "0.34.5",
        "@img/sharp-linuxmusl-x64": "0.34.5",
        "@img/sharp-wasm32": "0.34.5",
        "@img/sharp-win32-arm64": "0.34.5",
        "@img/sharp-win32-ia32": "0.34.5",
        "@img/sharp-win32-x64": "0.34.5"
      }
    },
    "../../node_modules/.pnpm/starlight-llms-txt@0.8.0_@astrojs+starlight@0.38.2_astro@6.1.2_@types+node@25.5.0_jiti@_e126c9ab80153726aaf38dca14e5a026/node_modules/starlight-llms-txt": {
      "version": "0.8.0",
      "license": "MIT",
      "dependencies": {
        "@astrojs/mdx": "^5.0.0",
        "@types/hast": "^3.0.4",
        "@types/micromatch": "^4.0.10",
        "github-slugger": "^2.0.0",
        "hast-util-select": "^6.0.4",
        "micromatch": "^4.0.8",
        "rehype-parse": "^9.0.1",
        "rehype-remark": "^10.0.1",
        "remark-gfm": "^4.0.1",
        "remark-stringify": "^11.0.0",
        "unified": "^11.0.5",
        "unist-util-remove": "^4.0.0"
      },
      "devDependencies": {
        "@astrojs/starlight": "^0.38.0",
        "astro": "^6.0.0"
      },
      "peerDependencies": {
        "@astrojs/starlight": ">=0.38.0",
        "astro": "^6.0.0"
      }
    },
    "node_modules/@astrojs/starlight": {
      "resolved": "../../node_modules/.pnpm/@astrojs+starlight@0.38.2_astro@6.1.2_@types+node@25.5.0_jiti@2.6.1_lightningcss@1.32.0_rollup@4.60.1_typescript@5.9.3_/node_modules/@astrojs/starlight",
      "link": true
    },
    "node_modules/@webgpu/types": {
      "version": "0.1.21",
      "resolved": "https://registry.npmjs.org/@webgpu/types/-/types-0.1.21.tgz",
      "integrity": "sha512-pUrWq3V5PiSGFLeLxoGqReTZmiiXwY3jRkIG5sLLKjyqNxrwm/04b4nw7LSmGWJcKk59XOM/YRTUwOzo4MMlow==",
      "license": "BSD-3-Clause"
    },
    "node_modules/astro": {
      "resolved": "../../node_modules/.pnpm/astro@6.1.2_@types+node@25.5.0_jiti@2.6.1_lightningcss@1.32.0_rollup@4.60.1_typescript@5.9.3/node_modules/astro",
      "link": true
    },
    "node_modules/astro-og-canvas": {
      "version": "0.10.1",
      "resolved": "https://registry.npmjs.org/astro-og-canvas/-/astro-og-canvas-0.10.1.tgz",
      "integrity": "sha512-cUjsWIOkDBi9Bfkgta1Cr45m2UnTX/jW+tK406SVcD1idhqIHrGD+M5qtwGcJ6OanHeWSgyHGmzQuzELGAwPKg==",
      "license": "MIT",
      "dependencies": {
        "canvaskit-wasm": "^0.40.0",
        "deterministic-object-hash": "^2.0.2",
        "entities": "^7.0.1"
      },
      "peerDependencies": {
        "astro": "^5.0.0 || ^6.0.0-alpha"
      }
    },
    "node_modules/base-64": {
      "version": "1.0.0",
      "resolved": "https://registry.npmjs.org/base-64/-/base-64-1.0.0.tgz",
      "integrity": "sha512-kwDPIFCGx0NZHog36dj+tHiwP4QMzsZ3AgMViUBKI0+V5n4U0ufTCUMhnQ04diaRI8EX/QcPfql7zlhZ7j4zgg==",
      "license": "MIT"
    },
    "node_modules/canvaskit-wasm": {
      "version": "0.40.0",
      "resolved": "https://registry.npmjs.org/canvaskit-wasm/-/canvaskit-wasm-0.40.0.tgz",
      "integrity": "sha512-Od2o+ZmoEw9PBdN/yCGvzfu0WVqlufBPEWNG452wY7E9aT8RBE+ChpZF526doOlg7zumO4iCS+RAeht4P0Gbpw==",
      "license": "BSD-3-Clause",
      "dependencies": {
        "@webgpu/types": "0.1.21"
      }
    },
    "node_modules/deterministic-object-hash": {
      "version": "2.0.2",
      "resolved": "https://registry.npmjs.org/deterministic-object-hash/-/deterministic-object-hash-2.0.2.tgz",
      "integrity": "sha512-KxektNH63SrbfUyDiwXqRb1rLwKt33AmMv+5Nhsw1kqZ13SJBRTgZHtGbE+hH3a1mVW1cz+4pqSWVPAtLVXTzQ==",
      "license": "MIT",
      "dependencies": {
        "base-64": "^1.0.0"
      },
      "engines": {
        "node": ">=18"
      }
    },
    "node_modules/entities": {
      "version": "7.0.1",
      "resolved": "https://registry.npmjs.org/entities/-/entities-7.0.1.tgz",
      "integrity": "sha512-TWrgLOFUQTH994YUyl1yT4uyavY5nNB5muff+RtWaqNVCAK408b5ZnnbNAUEWLTCpum9w6arT70i1XdQ4UeOPA==",
      "license": "BSD-2-Clause",
      "engines": {
        "node": ">=0.12"
      },
      "funding": {
        "url": "https://github.com/fb55/entities?sponsor=1"
      }
    },
    "node_modules/sharp": {
      "resolved": "../../node_modules/.pnpm/sharp@0.34.5/node_modules/sharp",
      "link": true
    },
    "node_modules/starlight-llms-txt": {
      "resolved": "../../node_modules/.pnpm/starlight-llms-txt@0.8.0_@astrojs+starlight@0.38.2_astro@6.1.2_@types+node@25.5.0_jiti@_e126c9ab80153726aaf38dca14e5a026/node_modules/starlight-llms-txt",
      "link": true
    }
  }
}
